
Microsoft Visual Studio Solution File, Format Version 12.00
# Visual Studio Version 17
VisualStudioVersion = 17.0.31903.59
MinimumVisualStudioVersion = 10.0.40219.1
Project("{FAE04EC0-301F-11D3-BF4B-00C04F79EFBC}") = "OpenAiMultiAgent.Console", "OpenAiMultiAgent.Console\OpenAiMultiAgent.Console.csproj", "{402FAFEB-8595-438E-AD40-5CDAF8521E89}"
EndProject
Global
	GlobalSection(SolutionConfigurationPlatforms) = preSolution
		Debug|Any CPU = Debug|Any CPU
		Release|Any CPU = Release|Any CPU
	EndGlobalSection
	GlobalSection(SolutionProperties) = preSolution
		HideSolutionNode = FALSE
	EndGlobalSection
	GlobalSection(ProjectConfigurationPlatforms) = postSolution
		{402FAFEB-8595-438E-AD40-5CDAF8521E89}.Debug|Any CPU.ActiveCfg = Debug|Any CPU
		{402FAFEB-8595-438E-AD40-5CDAF8521E89}.Debug|Any CPU.Build.0 = Debug|Any CPU
		{402FAFEB-8595-438E-AD40-5CDAF8521E89}.Release|Any CPU.ActiveCfg = Release|Any CPU
		{402FAFEB-8595-438E-AD40-5CDAF8521E89}.Release|Any CPU.Build.0 = Release|Any CPU
	EndGlobalSection
EndGlobal
